#MicroXplorer Configuration settings - do not modify
ADC1.Channel-6\#ChannelRegularConversion=ADC_CHANNEL_0
ADC1.ClockPrescaler=ADC_CLOCK_SYNC_PCLK_DIV8
ADC1.ContinuousConvMode=DISABLE
ADC1.DMAContinuousRequests=ENABLE
ADC1.DiscontinuousConvMode=DISABLE
ADC1.EnableAnalogWatchDog=true
ADC1.ExternalTrigConv=ADC_EXTERNALTRIGCONV_T3_TRGO
ADC1.IPParameters=Rank-6\#ChannelRegularConversion,master,Channel-6\#ChannelRegularConversion,SamplingTime-6\#ChannelRegularConversion,NbrOfConversionFlag,DMAContinuousRequests,ScanConvMode,NbrOfConversion,ClockPrescaler,ExternalTrigConv,InjNumberOfConversion,DiscontinuousConvMode,ContinuousConvMode,EnableAnalogWatchDog
ADC1.InjNumberOfConversion=0
ADC1.NbrOfConversion=1
ADC1.NbrOfConversionFlag=1
ADC1.Rank-6\#ChannelRegularConversion=1
ADC1.SamplingTime-6\#ChannelRegularConversion=ADC_SAMPLETIME_112CYCLES
ADC1.ScanConvMode=DISABLE
ADC1.master=1
CAD.formats=
CAD.pinconfig=
CAD.provider=
Dma.ADC1.0.Direction=DMA_PERIPH_TO_MEMORY
Dma.ADC1.0.FIFOMode=DMA_FIFOMODE_DISABLE
Dma.ADC1.0.Instance=DMA2_Stream0
Dma.ADC1.0.MemDataAlignment=DMA_MDATAALIGN_HALFWORD
Dma.ADC1.0.MemInc=DMA_MINC_ENABLE
Dma.ADC1.0.Mode=DMA_CIRCULAR
Dma.ADC1.0.PeriphDataAlignment=DMA_PDATAALIGN_HALFWORD
Dma.ADC1.0.PeriphInc=DMA_PINC_DISABLE
Dma.ADC1.0.Priority=DMA_PRIORITY_HIGH
Dma.ADC1.0.RequestParameters=Instance,Direction,PeriphInc,MemInc,PeriphDataAlignment,MemDataAlignment,Mode,Priority,FIFOMode
Dma.Request0=ADC1
Dma.Request1=SPI2_TX
Dma.RequestsNb=2
Dma.SPI2_TX.1.Direction=DMA_MEMORY_TO_PERIPH
Dma.SPI2_TX.1.FIFOMode=DMA_FIFOMODE_DISABLE
Dma.SPI2_TX.1.Instance=DMA1_Stream4
Dma.SPI2_TX.1.MemDataAlignment=DMA_MDATAALIGN_HALFWORD
Dma.SPI2_TX.1.MemInc=DMA_MINC_ENABLE
Dma.SPI2_TX.1.Mode=DMA_CIRCULAR
Dma.SPI2_TX.1.PeriphDataAlignment=DMA_PDATAALIGN_HALFWORD
Dma.SPI2_TX.1.PeriphInc=DMA_PINC_DISABLE
Dma.SPI2_TX.1.Priority=DMA_PRIORITY_HIGH
Dma.SPI2_TX.1.RequestParameters=Instance,Direction,PeriphInc,MemInc,PeriphDataAlignment,MemDataAlignment,Mode,Priority,FIFOMode
FREERTOS.FootprintOK=true
FREERTOS.IPParameters=Tasks01,FootprintOK,configUSE_NEWLIB_REENTRANT,Queues01,configTOTAL_HEAP_SIZE
FREERTOS.Queues01=Queue_MF_buffer,1,uint8_t,0,Dynamic,NULL,NULL;Queue_I2S_Audio,1,uint8_t,0,Dynamic,NULL,NULL
FREERTOS.Tasks01=Console,16,1024,Task_console,Default,NULL,Dynamic,NULL,NULL;MF_Receiver,40,1024,Task_MF_receiver,Default,NULL,Dynamic,NULL,NULL;Switch,24,2048,Task_Switch,Default,NULL,Dynamic,NULL,NULL;I2sAudio,40,1024,Task_I2S_Audio,Default,NULL,Dynamic,NULL,NULL
FREERTOS.configTOTAL_HEAP_SIZE=32768
FREERTOS.configUSE_NEWLIB_REENTRANT=1
File.Version=6
GPIO.groupedBy=Group By Peripherals
I2C1.IPParameters=NoStretchMode
I2C1.NoStretchMode=I2C_NOSTRETCH_DISABLE
I2C2.IPParameters=NoStretchMode
I2C2.NoStretchMode=I2C_NOSTRETCH_DISABLE
I2S2.AudioFreq=I2S_AUDIOFREQ_8K
I2S2.ClockSource=I2S_CLOCK_PLL
I2S2.ErrorAudioFreq=0.15 %
I2S2.FullDuplexMode=I2S_FULLDUPLEXMODE_DISABLE
I2S2.IPParameters=Instance,VirtualMode,FullDuplexMode,ClockSource,RealAudioFreq,ErrorAudioFreq,AudioFreq
I2S2.Instance=SPI$Index
I2S2.RealAudioFreq=8.012 KHz
I2S2.VirtualMode=I2S_MODE_MASTER
KeepUserPlacement=false
Mcu.CPN=STM32F411CEU6
Mcu.Family=STM32F4
Mcu.IP0=ADC1
Mcu.IP1=DMA
Mcu.IP10=TIM4
Mcu.IP11=USART6
Mcu.IP2=FREERTOS
Mcu.IP3=I2C1
Mcu.IP4=I2C2
Mcu.IP5=I2S2
Mcu.IP6=NVIC
Mcu.IP7=RCC
Mcu.IP8=SYS
Mcu.IP9=TIM3
Mcu.IPNb=12
Mcu.Name=STM32F411C(C-E)Ux
Mcu.Package=UFQFPN48
Mcu.Pin0=PC13-ANTI_TAMP
Mcu.Pin1=PH0 - OSC_IN
Mcu.Pin10=PB10
Mcu.Pin11=PB12
Mcu.Pin12=PB13
Mcu.Pin13=PB15
Mcu.Pin14=PA11
Mcu.Pin15=PA12
Mcu.Pin16=PA13
Mcu.Pin17=PA14
Mcu.Pin18=PA15
Mcu.Pin19=PB4
Mcu.Pin2=PH1 - OSC_OUT
Mcu.Pin20=PB5
Mcu.Pin21=PB7
Mcu.Pin22=PB8
Mcu.Pin23=PB9
Mcu.Pin24=VP_FREERTOS_VS_CMSIS_V2
Mcu.Pin25=VP_SYS_VS_tim10
Mcu.Pin26=VP_TIM3_VS_ClockSourceINT
Mcu.Pin27=VP_TIM3_VS_no_output1
Mcu.Pin28=VP_TIM4_VS_ClockSourceINT
Mcu.Pin3=PA0-WKUP
Mcu.Pin4=PA2
Mcu.Pin5=PA3
Mcu.Pin6=PA4
Mcu.Pin7=PA5
Mcu.Pin8=PA6
Mcu.Pin9=PA7
Mcu.PinsNb=29
Mcu.ThirdPartyNb=0
Mcu.UserConstants=
Mcu.UserName=STM32F411CEUx
MxCube.Version=6.10.0
MxDb.Version=DB.6.0.100
NVIC.BusFault_IRQn=true\:0\:0\:false\:false\:true\:false\:false\:false\:false
NVIC.DMA1_Stream4_IRQn=true\:5\:0\:false\:false\:true\:true\:false\:true\:true
NVIC.DMA2_Stream0_IRQn=true\:5\:0\:true\:false\:true\:true\:false\:true\:true
NVIC.DebugMonitor_IRQn=true\:0\:0\:false\:false\:true\:false\:false\:false\:false
NVIC.ForceEnableDMAVector=true
NVIC.HardFault_IRQn=true\:0\:0\:false\:false\:true\:false\:false\:false\:false
NVIC.MemoryManagement_IRQn=true\:0\:0\:false\:false\:true\:false\:false\:false\:false
NVIC.NonMaskableInt_IRQn=true\:0\:0\:false\:false\:true\:false\:false\:false\:false
NVIC.PendSV_IRQn=true\:15\:0\:false\:false\:false\:true\:false\:false\:false
NVIC.PriorityGroup=NVIC_PRIORITYGROUP_4
NVIC.SVCall_IRQn=true\:0\:0\:false\:false\:false\:false\:false\:false\:false
NVIC.SavedPendsvIrqHandlerGenerated=true
NVIC.SavedSvcallIrqHandlerGenerated=true
NVIC.SavedSystickIrqHandlerGenerated=true
NVIC.SysTick_IRQn=true\:15\:0\:false\:false\:false\:true\:false\:true\:false
NVIC.TIM1_UP_TIM10_IRQn=true\:15\:0\:false\:false\:true\:false\:false\:true\:true
NVIC.TimeBase=TIM1_UP_TIM10_IRQn
NVIC.TimeBaseIP=TIM10
NVIC.UsageFault_IRQn=true\:0\:0\:false\:false\:true\:false\:false\:false\:false
PA0-WKUP.GPIOParameters=GPIO_Label
PA0-WKUP.GPIO_Label=MF_DECODER_ADC
PA0-WKUP.Signal=ADCx_IN0
PA11.Mode=Asynchronous
PA11.Signal=USART6_TX
PA12.Mode=Asynchronous
PA12.Signal=USART6_RX
PA13.Mode=Serial_Wire
PA13.Signal=SYS_JTMS-SWDIO
PA14.Mode=Serial_Wire
PA14.Signal=SYS_JTCK-SWCLK
PA15.GPIOParameters=GPIO_Label
PA15.GPIO_Label=DTMF_STB2
PA15.Locked=true
PA15.Signal=GPIO_Input
PA2.Locked=true
PA2.Mode=Audio_ClockIn
PA2.Signal=I2S_CKIN
PA3.GPIOParameters=GPIO_Label
PA3.GPIO_Label=DTMF0
PA3.Locked=true
PA3.Signal=GPIO_Input
PA4.GPIOParameters=GPIO_Label
PA4.GPIO_Label=DTMF1
PA4.Locked=true
PA4.Signal=GPIO_Input
PA5.GPIOParameters=GPIO_Label
PA5.GPIO_Label=DTMF2
PA5.Locked=true
PA5.Signal=GPIO_Input
PA6.GPIOParameters=GPIO_Label
PA6.GPIO_Label=DTMF3
PA6.Locked=true
PA6.Signal=GPIO_Input
PA7.GPIOParameters=GPIO_Label
PA7.GPIO_Label=ADC_SAMPLE_FREQ
PA7.Signal=S_TIM3_CH2
PB10.Mode=I2C
PB10.Signal=I2C2_SCL
PB12.Mode=Half_Duplex_Master
PB12.Signal=I2S2_WS
PB13.Mode=Half_Duplex_Master
PB13.Signal=I2S2_CK
PB15.Mode=Half_Duplex_Master
PB15.Signal=I2S2_SD
PB4.GPIOParameters=GPIO_Label
PB4.GPIO_Label=DTMF_STB1
PB4.Locked=true
PB4.Signal=GPIO_Input
PB5.GPIOParameters=GPIO_Label
PB5.GPIO_Label=INMUX_IN
PB5.Locked=true
PB5.Signal=GPIO_Input
PB7.Mode=I2C
PB7.Signal=I2C1_SDA
PB8.Mode=I2C
PB8.Signal=I2C1_SCL
PB9.Mode=I2C
PB9.Signal=I2C2_SDA
PC13-ANTI_TAMP.GPIOParameters=GPIO_Label
PC13-ANTI_TAMP.GPIO_Label=LEDN
PC13-ANTI_TAMP.Locked=true
PC13-ANTI_TAMP.Signal=GPIO_Output
PH0\ -\ OSC_IN.Mode=HSE-External-Oscillator
PH0\ -\ OSC_IN.Signal=RCC_OSC_IN
PH1\ -\ OSC_OUT.Mode=HSE-External-Oscillator
PH1\ -\ OSC_OUT.Signal=RCC_OSC_OUT
PinOutPanel.RotationAngle=0
ProjectManager.AskForMigrate=true
ProjectManager.BackupPrevious=false
ProjectManager.CompilerOptimize=6
ProjectManager.ComputerToolchain=false
ProjectManager.CoupleFile=false
ProjectManager.CustomerFirmwarePackage=
ProjectManager.DefaultFWLocation=true
ProjectManager.DeletePrevious=true
ProjectManager.DeviceId=STM32F411CEUx
ProjectManager.FirmwarePackage=STM32Cube FW_F4 V1.28.0
ProjectManager.FreePins=false
ProjectManager.HalAssertFull=false
ProjectManager.HeapSize=0x200
ProjectManager.KeepUserCode=true
ProjectManager.LastFirmware=true
ProjectManager.LibraryCopy=1
ProjectManager.MainLocation=Core/Src
ProjectManager.NoMain=false
ProjectManager.PreviousToolchain=STM32CubeIDE
ProjectManager.ProjectBuild=false
ProjectManager.ProjectFileName=adc-single-mfr-i2s2-cpp-freertos.ioc
ProjectManager.ProjectName=adc-single-mfr-i2s2-cpp-freertos
ProjectManager.ProjectStructure=
ProjectManager.RegisterCallBack=
ProjectManager.StackSize=0x400
ProjectManager.TargetToolchain=STM32CubeIDE
ProjectManager.ToolChainLocation=
ProjectManager.UAScriptAfterPath=
ProjectManager.UAScriptBeforePath=
ProjectManager.UnderRoot=true
ProjectManager.functionlistsort=1-SystemClock_Config-RCC-false-HAL-false,2-MX_GPIO_Init-GPIO-false-HAL-true,3-MX_DMA_Init-DMA-false-HAL-true,4-MX_TIM3_Init-TIM3-false-HAL-true,5-MX_ADC1_Init-ADC1-false-HAL-true,6-MX_TIM4_Init-TIM4-false-HAL-true,7-MX_I2C1_Init-I2C1-false-HAL-true,8-MX_I2C2_Init-I2C2-false-HAL-true,9-MX_USART6_UART_Init-USART6-false-HAL-true,10-MX_I2S2_Init-I2S2-false-HAL-true
RCC.48MHZClocksFreq_Value=48000000
RCC.AHBFreq_Value=96000000
RCC.APB1CLKDivider=RCC_HCLK_DIV2
RCC.APB1Freq_Value=48000000
RCC.APB1TimFreq_Value=96000000
RCC.APB2Freq_Value=96000000
RCC.APB2TimFreq_Value=96000000
RCC.CortexFreq_Value=96000000
RCC.EXTERNAL_CLOCK_VALUE=4096000
RCC.EthernetFreq_Value=96000000
RCC.FCLKCortexFreq_Value=96000000
RCC.FamilyName=M
RCC.HCLKFreq_Value=96000000
RCC.HSE_VALUE=25000000
RCC.HSI_VALUE=16000000
RCC.I2SClocksFreq_Value=16666666.666666666
RCC.IPParameters=48MHZClocksFreq_Value,AHBFreq_Value,APB1CLKDivider,APB1Freq_Value,APB1TimFreq_Value,APB2Freq_Value,APB2TimFreq_Value,CortexFreq_Value,EXTERNAL_CLOCK_VALUE,EthernetFreq_Value,FCLKCortexFreq_Value,FamilyName,HCLKFreq_Value,HSE_VALUE,HSI_VALUE,I2SClocksFreq_Value,LSE_VALUE,LSI_VALUE,PLLCLKFreq_Value,PLLI2SM,PLLI2SN,PLLI2SR,PLLM,PLLQCLKFreq_Value,PLLSourceVirtual,RTCFreq_Value,RTCHSEDivFreq_Value,SYSCLKFreq_VALUE,SYSCLKSource,VCOI2SOutputFreq_Value,VCOInputFreq_Value,VCOInputMFreq_Value,VCOOutputFreq_Value,VcooutputI2S
RCC.LSE_VALUE=32768
RCC.LSI_VALUE=32000
RCC.PLLCLKFreq_Value=96000000
RCC.PLLI2SM=20
RCC.PLLI2SN=80
RCC.PLLI2SR=6
RCC.PLLM=25
RCC.PLLQCLKFreq_Value=48000000
RCC.PLLSourceVirtual=RCC_PLLSOURCE_HSE
RCC.RTCFreq_Value=32000
RCC.RTCHSEDivFreq_Value=12500000
RCC.SYSCLKFreq_VALUE=96000000
RCC.SYSCLKSource=RCC_SYSCLKSOURCE_PLLCLK
RCC.VCOI2SOutputFreq_Value=100000000
RCC.VCOInputFreq_Value=1000000
RCC.VCOInputMFreq_Value=1250000
RCC.VCOOutputFreq_Value=192000000
RCC.VcooutputI2S=16666666.666666666
SH.ADCx_IN0.0=ADC1_IN0,IN0
SH.ADCx_IN0.ConfNb=1
SH.S_TIM3_CH2.0=TIM3_CH2,Output Compare2 CH2
SH.S_TIM3_CH2.ConfNb=1
TIM3.Channel-Output\ Compare2\ CH2=TIM_CHANNEL_2
TIM3.Channel-PWM\ Generation1\ No\ Output=TIM_CHANNEL_1
TIM3.IPParameters=Period,TIM_MasterOutputTrigger,Channel-PWM Generation1 No Output,Pulse-PWM Generation1 No Output,Channel-Output Compare2 CH2,OCMode_2
TIM3.OCMode_2=TIM_OCMODE_TOGGLE
TIM3.Period=6000-1
TIM3.Pulse-PWM\ Generation1\ No\ Output=3000
TIM3.TIM_MasterOutputTrigger=TIM_TRGO_UPDATE
USART6.IPParameters=VirtualMode
USART6.VirtualMode=VM_ASYNC
VP_FREERTOS_VS_CMSIS_V2.Mode=CMSIS_V2
VP_FREERTOS_VS_CMSIS_V2.Signal=FREERTOS_VS_CMSIS_V2
VP_SYS_VS_tim10.Mode=TIM10
VP_SYS_VS_tim10.Signal=SYS_VS_tim10
VP_TIM3_VS_ClockSourceINT.Mode=Internal
VP_TIM3_VS_ClockSourceINT.Signal=TIM3_VS_ClockSourceINT
VP_TIM3_VS_no_output1.Mode=PWM Generation1 No Output
VP_TIM3_VS_no_output1.Signal=TIM3_VS_no_output1
VP_TIM4_VS_ClockSourceINT.Mode=Internal
VP_TIM4_VS_ClockSourceINT.Signal=TIM4_VS_ClockSourceINT
board=custom
rtos.0.ip=FREERTOS
isbadioc=false
